<?xml version="1.0" encoding="utf-8"?>
<Project ToolsVersion="4.0" xmlns="http://schemas.microsoft.com/developer/msbuild/2003">
  <ItemGroup>
    <ClCompile Include="..\..\A\src\basic_types.cpp" />
  </ItemGroup>
  <ItemGroup>
    <ClInclude Include="..\..\A\include\disable_warnings.h" />
    <ClInclude Include="..\..\A\include\doctest_wrapper.h" />
    <ClInclude Include="..\..\A\include\A\basic_types.h" />
  </ItemGroup>
</Project>